{
    "version": "0.5",
    "requires": [
        "tomlplusplus/3.4.0#85dbfed71376fb8dc23cdcc0570e4727%1718732132.076",
        "md4c/0.5.2#3d7106721e458f9f799b87d4d50d02e0%1746796758.933",
        "doctest/2.4.11#a4211dfc329a16ba9f280f9574025659%1681601797.282"
    ],
    "build_requires": [],
    "python_requires": [],
    "config_requires": []
}
